
Microsoft Visual Studio Solution File, Format Version 12.00
# Visual Studio Version 17
VisualStudioVersion = 17.0.31903.59
MinimumVisualStudioVersion = 10.0.40219.1
Project("{2150E333-8FDC-42A3-9474-1A3956D46DE8}") = "src", "src", "{A64A5E0B-1203-484A-8277-2D32A1C75CBD}"
EndProject
Project("{2150E333-8FDC-42A3-9474-1A3956D46DE8}") = "Tests", "Tests", "{E18EE82D-8C8C-41F2-80A1-108C372BFAA5}"
EndProject
Project("{2150E333-8FDC-42A3-9474-1A3956D46DE8}") = "aspire", "aspire", "{012B8F83-4576-4870-8B78-352F3E8F673B}"
EndProject
Project("{FAE04EC0-301F-11D3-BF4B-00C04F79EFBC}") = "EventManagement.AppHost", "aspire\EventManagement.AppHost\EventManagement.AppHost.csproj", "{1FB54D31-AAB2-4E27-8FEC-21026E0185EB}"
EndProject
Project("{FAE04EC0-301F-11D3-BF4B-00C04F79EFBC}") = "EventManagement.ServiceDefaults", "aspire\EventManagement.ServiceDefaults\EventManagement.ServiceDefaults.csproj", "{582CE3E6-EBDD-4174-9C93-4F1E002BD4C1}"
EndProject
Project("{FAE04EC0-301F-11D3-BF4B-00C04F79EFBC}") = "EventManagement.Infrastructure", "src\EventManagement.Infrastructure\EventManagement.Infrastructure.csproj", "{2A9659A4-A2F3-4E5C-9B85-2B4D5534B5CD}"
EndProject
Project("{FAE04EC0-301F-11D3-BF4B-00C04F79EFBC}") = "EventManagement.Domain", "src\EventManagement.Domain\EventManagement.Domain.csproj", "{0FA2CD24-F70F-481B-9A6A-184243CFC642}"
EndProject
Project("{FAE04EC0-301F-11D3-BF4B-00C04F79EFBC}") = "EventManagement.Application", "src\EventManagement.Application\EventManagement.Application.csproj", "{630ADA00-39D7-469B-B373-AC4E9E6DDF1E}"
EndProject
Project("{FAE04EC0-301F-11D3-BF4B-00C04F79EFBC}") = "EventManagement.API", "src\EventManagement.API\EventManagement.API.csproj", "{CDE42A27-2517-4195-A101-E42496DA2FE1}"
EndProject
Project("{FAE04EC0-301F-11D3-BF4B-00C04F79EFBC}") = "EventManagement.UnitTests", "tests\EventManagement.UnitTests\EventManagement.UnitTests.csproj", "{5CEAA9E4-5521-4099-A366-5CB10BE67158}"
EndProject
Project("{FAE04EC0-301F-11D3-BF4B-00C04F79EFBC}") = "EventManagement.IntegrationTests", "tests\EventManagement.IntegrationTests\EventManagement.IntegrationTests.csproj", "{A0E3E089-DFC7-4839-A3A7-FEC8FBE735AA}"
EndProject
Global
	GlobalSection(SolutionConfigurationPlatforms) = preSolution
		Debug|Any CPU = Debug|Any CPU
		Debug|x64 = Debug|x64
		Debug|x86 = Debug|x86
		Release|Any CPU = Release|Any CPU
		Release|x64 = Release|x64
		Release|x86 = Release|x86
	EndGlobalSection
	GlobalSection(ProjectConfigurationPlatforms) = postSolution
		{1FB54D31-AAB2-4E27-8FEC-21026E0185EB}.Debug|Any CPU.ActiveCfg = Debug|Any CPU
		{1FB54D31-AAB2-4E27-8FEC-21026E0185EB}.Debug|Any CPU.Build.0 = Debug|Any CPU
		{1FB54D31-AAB2-4E27-8FEC-21026E0185EB}.Debug|x64.ActiveCfg = Debug|Any CPU
		{1FB54D31-AAB2-4E27-8FEC-21026E0185EB}.Debug|x64.Build.0 = Debug|Any CPU
		{1FB54D31-AAB2-4E27-8FEC-21026E0185EB}.Debug|x86.ActiveCfg = Debug|Any CPU
		{1FB54D31-AAB2-4E27-8FEC-21026E0185EB}.Debug|x86.Build.0 = Debug|Any CPU
		{1FB54D31-AAB2-4E27-8FEC-21026E0185EB}.Release|Any CPU.ActiveCfg = Release|Any CPU
		{1FB54D31-AAB2-4E27-8FEC-21026E0185EB}.Release|Any CPU.Build.0 = Release|Any CPU
		{1FB54D31-AAB2-4E27-8FEC-21026E0185EB}.Release|x64.ActiveCfg = Release|Any CPU
		{1FB54D31-AAB2-4E27-8FEC-21026E0185EB}.Release|x64.Build.0 = Release|Any CPU
		{1FB54D31-AAB2-4E27-8FEC-21026E0185EB}.Release|x86.ActiveCfg = Release|Any CPU
		{1FB54D31-AAB2-4E27-8FEC-21026E0185EB}.Release|x86.Build.0 = Release|Any CPU
		{582CE3E6-EBDD-4174-9C93-4F1E002BD4C1}.Debug|Any CPU.ActiveCfg = Debug|Any CPU
		{582CE3E6-EBDD-4174-9C93-4F1E002BD4C1}.Debug|Any CPU.Build.0 = Debug|Any CPU
		{582CE3E6-EBDD-4174-9C93-4F1E002BD4C1}.Debug|x64.ActiveCfg = Debug|Any CPU
		{582CE3E6-EBDD-4174-9C93-4F1E002BD4C1}.Debug|x64.Build.0 = Debug|Any CPU
		{582CE3E6-EBDD-4174-9C93-4F1E002BD4C1}.Debug|x86.ActiveCfg = Debug|Any CPU
		{582CE3E6-EBDD-4174-9C93-4F1E002BD4C1}.Debug|x86.Build.0 = Debug|Any CPU
		{582CE3E6-EBDD-4174-9C93-4F1E002BD4C1}.Release|Any CPU.ActiveCfg = Release|Any CPU
		{582CE3E6-EBDD-4174-9C93-4F1E002BD4C1}.Release|Any CPU.Build.0 = Release|Any CPU
		{582CE3E6-EBDD-4174-9C93-4F1E002BD4C1}.Release|x64.ActiveCfg = Release|Any CPU
		{582CE3E6-EBDD-4174-9C93-4F1E002BD4C1}.Release|x64.Build.0 = Release|Any CPU
		{582CE3E6-EBDD-4174-9C93-4F1E002BD4C1}.Release|x86.ActiveCfg = Release|Any CPU
		{582CE3E6-EBDD-4174-9C93-4F1E002BD4C1}.Release|x86.Build.0 = Release|Any CPU
		{2A9659A4-A2F3-4E5C-9B85-2B4D5534B5CD}.Debug|Any CPU.ActiveCfg = Debug|Any CPU
		{2A9659A4-A2F3-4E5C-9B85-2B4D5534B5CD}.Debug|Any CPU.Build.0 = Debug|Any CPU
		{2A9659A4-A2F3-4E5C-9B85-2B4D5534B5CD}.Debug|x64.ActiveCfg = Debug|Any CPU
		{2A9659A4-A2F3-4E5C-9B85-2B4D5534B5CD}.Debug|x64.Build.0 = Debug|Any CPU
		{2A9659A4-A2F3-4E5C-9B85-2B4D5534B5CD}.Debug|x86.ActiveCfg = Debug|Any CPU
		{2A9659A4-A2F3-4E5C-9B85-2B4D5534B5CD}.Debug|x86.Build.0 = Debug|Any CPU
		{2A9659A4-A2F3-4E5C-9B85-2B4D5534B5CD}.Release|Any CPU.ActiveCfg = Release|Any CPU
		{2A9659A4-A2F3-4E5C-9B85-2B4D5534B5CD}.Release|Any CPU.Build.0 = Release|Any CPU
		{2A9659A4-A2F3-4E5C-9B85-2B4D5534B5CD}.Release|x64.ActiveCfg = Release|Any CPU
		{2A9659A4-A2F3-4E5C-9B85-2B4D5534B5CD}.Release|x64.Build.0 = Release|Any CPU
		{2A9659A4-A2F3-4E5C-9B85-2B4D5534B5CD}.Release|x86.ActiveCfg = Release|Any CPU
		{2A9659A4-A2F3-4E5C-9B85-2B4D5534B5CD}.Release|x86.Build.0 = Release|Any CPU
		{0FA2CD24-F70F-481B-9A6A-184243CFC642}.Debug|Any CPU.ActiveCfg = Debug|Any CPU
		{0FA2CD24-F70F-481B-9A6A-184243CFC642}.Debug|Any CPU.Build.0 = Debug|Any CPU
		{0FA2CD24-F70F-481B-9A6A-184243CFC642}.Debug|x64.ActiveCfg = Debug|Any CPU
		{0FA2CD24-F70F-481B-9A6A-184243CFC642}.Debug|x64.Build.0 = Debug|Any CPU
		{0FA2CD24-F70F-481B-9A6A-184243CFC642}.Debug|x86.ActiveCfg = Debug|Any CPU
		{0FA2CD24-F70F-481B-9A6A-184243CFC642}.Debug|x86.Build.0 = Debug|Any CPU
		{0FA2CD24-F70F-481B-9A6A-184243CFC642}.Release|Any CPU.ActiveCfg = Release|Any CPU
		{0FA2CD24-F70F-481B-9A6A-184243CFC642}.Release|Any CPU.Build.0 = Release|Any CPU
		{0FA2CD24-F70F-481B-9A6A-184243CFC642}.Release|x64.ActiveCfg = Release|Any CPU
		{0FA2CD24-F70F-481B-9A6A-184243CFC642}.Release|x64.Build.0 = Release|Any CPU
		{0FA2CD24-F70F-481B-9A6A-184243CFC642}.Release|x86.ActiveCfg = Release|Any CPU
		{0FA2CD24-F70F-481B-9A6A-184243CFC642}.Release|x86.Build.0 = Release|Any CPU
		{630ADA00-39D7-469B-B373-AC4E9E6DDF1E}.Debug|Any CPU.ActiveCfg = Debug|Any CPU
		{630ADA00-39D7-469B-B373-AC4E9E6DDF1E}.Debug|Any CPU.Build.0 = Debug|Any CPU
		{630ADA00-39D7-469B-B373-AC4E9E6DDF1E}.Debug|x64.ActiveCfg = Debug|Any CPU
		{630ADA00-39D7-469B-B373-AC4E9E6DDF1E}.Debug|x64.Build.0 = Debug|Any CPU
		{630ADA00-39D7-469B-B373-AC4E9E6DDF1E}.Debug|x86.ActiveCfg = Debug|Any CPU
		{630ADA00-39D7-469B-B373-AC4E9E6DDF1E}.Debug|x86.Build.0 = Debug|Any CPU
		{630ADA00-39D7-469B-B373-AC4E9E6DDF1E}.Release|Any CPU.ActiveCfg = Release|Any CPU
		{630ADA00-39D7-469B-B373-AC4E9E6DDF1E}.Release|Any CPU.Build.0 = Release|Any CPU
		{630ADA00-39D7-469B-B373-AC4E9E6DDF1E}.Release|x64.ActiveCfg = Release|Any CPU
		{630ADA00-39D7-469B-B373-AC4E9E6DDF1E}.Release|x64.Build.0 = Release|Any CPU
		{630ADA00-39D7-469B-B373-AC4E9E6DDF1E}.Release|x86.ActiveCfg = Release|Any CPU
		{630ADA00-39D7-469B-B373-AC4E9E6DDF1E}.Release|x86.Build.0 = Release|Any CPU
		{CDE42A27-2517-4195-A101-E42496DA2FE1}.Debug|Any CPU.ActiveCfg = Debug|Any CPU
		{CDE42A27-2517-4195-A101-E42496DA2FE1}.Debug|Any CPU.Build.0 = Debug|Any CPU
		{CDE42A27-2517-4195-A101-E42496DA2FE1}.Debug|x64.ActiveCfg = Debug|Any CPU
		{CDE42A27-2517-4195-A101-E42496DA2FE1}.Debug|x64.Build.0 = Debug|Any CPU
		{CDE42A27-2517-4195-A101-E42496DA2FE1}.Debug|x86.ActiveCfg = Debug|Any CPU
		{CDE42A27-2517-4195-A101-E42496DA2FE1}.Debug|x86.Build.0 = Debug|Any CPU
		{CDE42A27-2517-4195-A101-E42496DA2FE1}.Release|Any CPU.ActiveCfg = Release|Any CPU
		{CDE42A27-2517-4195-A101-E42496DA2FE1}.Release|Any CPU.Build.0 = Release|Any CPU
		{CDE42A27-2517-4195-A101-E42496DA2FE1}.Release|x64.ActiveCfg = Release|Any CPU
		{CDE42A27-2517-4195-A101-E42496DA2FE1}.Release|x64.Build.0 = Release|Any CPU
		{CDE42A27-2517-4195-A101-E42496DA2FE1}.Release|x86.ActiveCfg = Release|Any CPU
		{CDE42A27-2517-4195-A101-E42496DA2FE1}.Release|x86.Build.0 = Release|Any CPU
		{5CEAA9E4-5521-4099-A366-5CB10BE67158}.Debug|Any CPU.ActiveCfg = Debug|Any CPU
		{5CEAA9E4-5521-4099-A366-5CB10BE67158}.Debug|Any CPU.Build.0 = Debug|Any CPU
		{5CEAA9E4-5521-4099-A366-5CB10BE67158}.Debug|x64.ActiveCfg = Debug|Any CPU
		{5CEAA9E4-5521-4099-A366-5CB10BE67158}.Debug|x64.Build.0 = Debug|Any CPU
		{5CEAA9E4-5521-4099-A366-5CB10BE67158}.Debug|x86.ActiveCfg = Debug|Any CPU
		{5CEAA9E4-5521-4099-A366-5CB10BE67158}.Debug|x86.Build.0 = Debug|Any CPU
		{5CEAA9E4-5521-4099-A366-5CB10BE67158}.Release|Any CPU.ActiveCfg = Release|Any CPU
		{5CEAA9E4-5521-4099-A366-5CB10BE67158}.Release|Any CPU.Build.0 = Release|Any CPU
		{5CEAA9E4-5521-4099-A366-5CB10BE67158}.Release|x64.ActiveCfg = Release|Any CPU
		{5CEAA9E4-5521-4099-A366-5CB10BE67158}.Release|x64.Build.0 = Release|Any CPU
		{5CEAA9E4-5521-4099-A366-5CB10BE67158}.Release|x86.ActiveCfg = Release|Any CPU
		{5CEAA9E4-5521-4099-A366-5CB10BE67158}.Release|x86.Build.0 = Release|Any CPU
		{A0E3E089-DFC7-4839-A3A7-FEC8FBE735AA}.Debug|Any CPU.ActiveCfg = Debug|Any CPU
		{A0E3E089-DFC7-4839-A3A7-FEC8FBE735AA}.Debug|Any CPU.Build.0 = Debug|Any CPU
		{A0E3E089-DFC7-4839-A3A7-FEC8FBE735AA}.Debug|x64.ActiveCfg = Debug|Any CPU
		{A0E3E089-DFC7-4839-A3A7-FEC8FBE735AA}.Debug|x64.Build.0 = Debug|Any CPU
		{A0E3E089-DFC7-4839-A3A7-FEC8FBE735AA}.Debug|x86.ActiveCfg = Debug|Any CPU
		{A0E3E089-DFC7-4839-A3A7-FEC8FBE735AA}.Debug|x86.Build.0 = Debug|Any CPU
		{A0E3E089-DFC7-4839-A3A7-FEC8FBE735AA}.Release|Any CPU.ActiveCfg = Release|Any CPU
		{A0E3E089-DFC7-4839-A3A7-FEC8FBE735AA}.Release|Any CPU.Build.0 = Release|Any CPU
		{A0E3E089-DFC7-4839-A3A7-FEC8FBE735AA}.Release|x64.ActiveCfg = Release|Any CPU
		{A0E3E089-DFC7-4839-A3A7-FEC8FBE735AA}.Release|x64.Build.0 = Release|Any CPU
		{A0E3E089-DFC7-4839-A3A7-FEC8FBE735AA}.Release|x86.ActiveCfg = Release|Any CPU
		{A0E3E089-DFC7-4839-A3A7-FEC8FBE735AA}.Release|x86.Build.0 = Release|Any CPU
	EndGlobalSection
	GlobalSection(SolutionProperties) = preSolution
		HideSolutionNode = FALSE
	EndGlobalSection
	GlobalSection(NestedProjects) = preSolution
		{1FB54D31-AAB2-4E27-8FEC-21026E0185EB} = {012B8F83-4576-4870-8B78-352F3E8F673B}
		{582CE3E6-EBDD-4174-9C93-4F1E002BD4C1} = {012B8F83-4576-4870-8B78-352F3E8F673B}
		{2A9659A4-A2F3-4E5C-9B85-2B4D5534B5CD} = {A64A5E0B-1203-484A-8277-2D32A1C75CBD}
		{0FA2CD24-F70F-481B-9A6A-184243CFC642} = {A64A5E0B-1203-484A-8277-2D32A1C75CBD}
		{630ADA00-39D7-469B-B373-AC4E9E6DDF1E} = {A64A5E0B-1203-484A-8277-2D32A1C75CBD}
		{CDE42A27-2517-4195-A101-E42496DA2FE1} = {A64A5E0B-1203-484A-8277-2D32A1C75CBD}
		{5CEAA9E4-5521-4099-A366-5CB10BE67158} = {E18EE82D-8C8C-41F2-80A1-108C372BFAA5}
		{A0E3E089-DFC7-4839-A3A7-FEC8FBE735AA} = {E18EE82D-8C8C-41F2-80A1-108C372BFAA5}
	EndGlobalSection
EndGlobal
